
Microsoft Visual Studio Solution File, Format Version 11.00
# Visual Studio 2010
Project("{2150E333-8FDC-42A3-9474-1A3956D46DE8}") = "Solution Items", "Solution Items", "{DEDFB626-DBD5-42EF-9C1F-6FA29C7BD540}"
	ProjectSection(SolutionItems) = preProject
		LocalTestRun.testrunconfig = LocalTestRun.testrunconfig
		show_produre.vsmdi = show_produre.vsmdi
	EndProjectSection
EndProject
Project("{FAE04EC0-301F-11D3-BF4B-00C04F79EFBC}") = "show_produre", "show_produre\show_produre.csproj", "{AA05160D-619D-46E1-82C0-421E1C9EB562}"
EndProject
Global
	GlobalSection(TestCaseManagementSettings) = postSolution
		CategoryFile = show_produre.vsmdi
	EndGlobalSection
	GlobalSection(SolutionConfigurationPlatforms) = preSolution
		Debug|Any CPU = Debug|Any CPU
		Release|Any CPU = Release|Any CPU
	EndGlobalSection
	GlobalSection(ProjectConfigurationPlatforms) = postSolution
		{AA05160D-619D-46E1-82C0-421E1C9EB562}.Debug|Any CPU.ActiveCfg = Debug|Any CPU
		{AA05160D-619D-46E1-82C0-421E1C9EB562}.Debug|Any CPU.Build.0 = Debug|Any CPU
		{AA05160D-619D-46E1-82C0-421E1C9EB562}.Release|Any CPU.ActiveCfg = Release|Any CPU
		{AA05160D-619D-46E1-82C0-421E1C9EB562}.Release|Any CPU.Build.0 = Release|Any CPU
	EndGlobalSection
	GlobalSection(SolutionProperties) = preSolution
		HideSolutionNode = FALSE
	EndGlobalSection
EndGlobal
